
Microsoft Visual Studio Solution File, Format Version 12.00
# Visual Studio 15
Project("{FAE04EC0-301F-11D3-BF4B-00C04F79EFBC}") = "Harjoitus4", "Harjoitus4\Harjoitus4.csproj", "{13017A15-7274-448D-A29E-70A815B328BF}"
EndProject
Global
	GlobalSection(SolutionConfigurationPlatforms) = preSolution
		Debug|anycpu = Debug|anycpu
		Release|anycpu = Release|anycpu
	EndGlobalSection
	GlobalSection(ProjectConfigurationPlatforms) = postSolution
		{13017A15-7274-448D-A29E-70A815B328BF}.Debug|anycpu.ActiveCfg = Debug|anycpu
		{13017A15-7274-448D-A29E-70A815B328BF}.Debug|anycpu.Build.0 = Debug|anycpu
		{13017A15-7274-448D-A29E-70A815B328BF}.Release|anycpu.ActiveCfg = Release|anycpu
		{13017A15-7274-448D-A29E-70A815B328BF}.Release|anycpu.Build.0 = Release|anycpu
	EndGlobalSection
EndGlobal
